// !$*UTF8*$!
{
	archiveVersion = 1;
	classes = {
	};
	objectVersion = 77;
	objects = {

/* Begin PBXBuildFile section */
		7D1CF4453026FC280094EFD8 /* RiveRuntime in Frameworks */ = {isa = PBXBuildFile; productRef = 7D1CF4443026FC280094EFD8 /* RiveRuntime */; };
		7D72F8EA3028BFDD009A909E /* Auth in Frameworks */ = {isa = PBXBuildFile; productRef = 7D72F8E93028BFDD009A909E /* Auth */; };
		7D72F8EC3028BFDD009A909E /* Functions in Frameworks */ = {isa = PBXBuildFile; productRef = 7D72F8EB3028BFDD009A909E /* Functions */; };
		7D72F8EE3028BFDD009A909E /* PostgREST in Frameworks */ = {isa = PBXBuildFile; productRef = 7D72F8ED3028BFDD009A909E /* PostgREST */; };
		7D72F8F03028BFDD009A909E /* Realtime in Frameworks */ = {isa = PBXBuildFile; productRef = 7D72F8EF3028BFDD009A909E /* Realtime */; };
		7D72F8F23028BFDD009A909E /* Storage in Frameworks */ = {isa = PBXBuildFile; productRef = 7D72F8F13028BFDD009A909E /* Storage */; };
		7D72F8F43028BFDD009A909E /* Supabase in Frameworks */ = {isa = PBXBuildFile; productRef = 7D72F8F33028BFDD009A909E /* Supabase */; };
		7D776DF7302B3B08007EE0E8 /* ReceiptParser in Frameworks */ = {isa = PBXBuildFile; productRef = 7D776DF6302B3B08007EE0E8 /* ReceiptParser */; };
		7D776DF9302B3B08007EE0E8 /* RevenueCat in Frameworks */ = {isa = PBXBuildFile; productRef = 7D776DF8302B3B08007EE0E8 /* RevenueCat */; };
		7DE395323017AB4D00EE2527 /* SDWebImageSwiftUI in Frameworks */ = {isa = PBXBuildFile; productRef = 7DE395313017AB4D00EE2527 /* SDWebImageSwiftUI */; };
		7DEDC91B3017FC51004CDB98 /* DotLottie in Frameworks */ = {isa = PBXBuildFile; productRef = 7DEDC91A3017FC51004CDB98 /* DotLottie */; };
		7DEDC91D3017FC51004CDB98 /* DotLottiePlayer in Frameworks */ = {isa = PBXBuildFile; productRef = 7DEDC91C3017FC51004CDB98 /* DotLottiePlayer */; };
		7DEDC9AC3018027D004CDB98 /* SwiftfulRouting in Frameworks */ = {isa = PBXBuildFile; productRef = 7DEDC9AB3018027D004CDB98 /* SwiftfulRouting */; };
/* End PBXBuildFile section */

/* Begin PBXContainerItemProxy section */
		7D72F8FD3028BFFD009A909E /* PBXContainerItemProxy */ = {
			isa = PBXContainerItemProxy;
			containerPortal = 7DE3951030179C0B00EE2527 /* Project object */;
			proxyType = 1;
			remoteGlobalIDString = 7DE3951730179C0B00EE2527;
			remoteInfo = Places;
		};
/* End PBXContainerItemProxy section */

/* Begin PBXFileReference section */
		7D72F8F93028BFFD009A909E /* PlacesTests.xctest */ = {isa = PBXFileReference; explicitFileType = wrapper.cfbundle; includeInIndex = 0; path = PlacesTests.xctest; sourceTree = BUILT_PRODUCTS_DIR; };
		7DE3951830179C0B00EE2527 /* Places in East Africa.app */ = {isa = PBXFileReference; explicitFileType = wrapper.application; includeInIndex = 0; path = "Places in East Africa.app"; sourceTree = BUILT_PRODUCTS_DIR; };
/* End PBXFileReference section */

/* Begin PBXFileSystemSynchronizedRootGroup section */
		7D72F8FA3028BFFD009A909E /* PlacesTests */ = {
			isa = PBXFileSystemSynchronizedRootGroup;
			path = PlacesTests;
			sourceTree = "<group>";
		};
		7DE3951A30179C0B00EE2527 /* Places */ = {
			isa = PBXFileSystemSynchronizedRootGroup;
			path = Places;
			sourceTree = "<group>";
		};
/* End PBXFileSystemSynchronizedRootGroup section */

/* Begin PBXFrameworksBuildPhase section */
		7D72F8F63028BFFD009A909E /* Frameworks */ = {
			isa = PBXFrameworksBuildPhase;
			buildActionMask = 2147483647;
			files = (
			);
			runOnlyForDeploymentPostprocessing = 0;
		};
		7DE3951530179C0B00EE2527 /* Frameworks */ = {
			isa = PBXFrameworksBuildPhase;
			buildActionMask = 2147483647;
			files = (
				7D72F8F43028BFDD009A909E /* Supabase in Frameworks */,
				7D72F8F03028BFDD009A909E /* Realtime in Frameworks */,
				7D1CF4453026FC280094EFD8 /* RiveRuntime in Frameworks */,
				7DEDC91D3017FC51004CDB98 /* DotLottiePlayer in Frameworks */,
				7D72F8EA3028BFDD009A909E /* Auth in Frameworks */,
				7DE395323017AB4D00EE2527 /* SDWebImageSwiftUI in Frameworks */,
				7D776DF7302B3B08007EE0E8 /* ReceiptParser in Frameworks */,
				7D72F8EE3028BFDD009A909E /* PostgREST in Frameworks */,
				7D72F8EC3028BFDD009A909E /* Functions in Frameworks */,
				7D776DF9302B3B08007EE0E8 /* RevenueCat in Frameworks */,
				7DEDC91B3017FC51004CDB98 /* DotLottie in Frameworks */,
				7D72F8F23028BFDD009A909E /* Storage in Frameworks */,
				7DEDC9AC3018027D004CDB98 /* SwiftfulRouting in Frameworks */,
			);
			runOnlyForDeploymentPostprocessing = 0;
		};
/* End PBXFrameworksBuildPhase section */

/* Begin PBXGroup section */
		7DE3950F30179C0B00EE2527 = {
			isa = PBXGroup;
			children = (
				7DE3951A30179C0B00EE2527 /* Places */,
				7D72F8FA3028BFFD009A909E /* PlacesTests */,
				7DE3951930179C0B00EE2527 /* Products */,
			);
			sourceTree = "<group>";
		};
		7DE3951930179C0B00EE2527 /* Products */ = {
			isa = PBXGroup;
			children = (
				7DE3951830179C0B00EE2527 /* Places in East Africa.app */,
				7D72F8F93028BFFD009A909E /* PlacesTests.xctest */,
			);
			name = Products;
			sourceTree = "<group>";
		};
/* End PBXGroup section */

/* Begin PBXNativeTarget section */
		7D72F8F83028BFFD009A909E /* PlacesTests */ = {
			isa = PBXNativeTarget;
			buildConfigurationList = 7D72F8FF3028BFFD009A909E /* Build configuration list for PBXNativeTarget "PlacesTests" */;
			buildPhases = (
				7D72F8F53028BFFD009A909E /* Sources */,
				7D72F8F63028BFFD009A909E /* Frameworks */,
				7D72F8F73028BFFD009A909E /* Resources */,
			);
			buildRules = (
			);
			dependencies = (
				7D72F8FE3028BFFD009A909E /* PBXTargetDependency */,
			);
			fileSystemSynchronizedGroups = (
				7D72F8FA3028BFFD009A909E /* PlacesTests */,
			);
			name = PlacesTests;
			packageProductDependencies = (
			);
			productName = PlacesTests;
			productReference = 7D72F8F93028BFFD009A909E /* PlacesTests.xctest */;
			productType = "com.apple.product-type.bundle.unit-test";
		};
		7DE3951730179C0B00EE2527 /* Places */ = {
			isa = PBXNativeTarget;
			buildConfigurationList = 7DE3952330179C0E00EE2527 /* Build configuration list for PBXNativeTarget "Places" */;
			buildPhases = (
				7DE3951430179C0B00EE2527 /* Sources */,
				7DE3951530179C0B00EE2527 /* Frameworks */,
				7DE3951630179C0B00EE2527 /* Resources */,
			);
			buildRules = (
			);
			dependencies = (
			);
			fileSystemSynchronizedGroups = (
				7DE3951A30179C0B00EE2527 /* Places */,
			);
			name = Places;
			packageProductDependencies = (
				7DE395313017AB4D00EE2527 /* SDWebImageSwiftUI */,
				7DEDC91A3017FC51004CDB98 /* DotLottie */,
				7DEDC91C3017FC51004CDB98 /* DotLottiePlayer */,
				7DEDC9AB3018027D004CDB98 /* SwiftfulRouting */,
				7D1CF4443026FC280094EFD8 /* RiveRuntime */,
				7D72F8E93028BFDD009A909E /* Auth */,
				7D72F8EB3028BFDD009A909E /* Functions */,
				7D72F8ED3028BFDD009A909E /* PostgREST */,
				7D72F8EF3028BFDD009A909E /* Realtime */,
				7D72F8F13028BFDD009A909E /* Storage */,
				7D72F8F33028BFDD009A909E /* Supabase */,
				7D776DF6302B3B08007EE0E8 /* ReceiptParser */,
				7D776DF8302B3B08007EE0E8 /* RevenueCat */,
			);
			productName = Places;
			productReference = 7DE3951830179C0B00EE2527 /* Places in East Africa.app */;
			productType = "com.apple.product-type.application";
		};
/* End PBXNativeTarget section */

/* Begin PBXProject section */
		7DE3951030179C0B00EE2527 /* Project object */ = {
			isa = PBXProject;
			attributes = {
				BuildIndependentTargetsInParallel = 1;
				LastSwiftUpdateCheck = 2660;
				LastUpgradeCheck = 2660;
				TargetAttributes = {
					7D72F8F83028BFFD009A909E = {
						CreatedOnToolsVersion = 26.6;
						TestTargetID = 7DE3951730179C0B00EE2527;
					};
					7DE3951730179C0B00EE2527 = {
						CreatedOnToolsVersion = 26.6;
					};
				};
			};
			buildConfigurationList = 7DE3951330179C0B00EE2527 /* Build configuration list for PBXProject "Places" */;
			developmentRegion = en;
			hasScannedForEncodings = 0;
			knownRegions = (
				en,
				Base,
			);
			mainGroup = 7DE3950F30179C0B00EE2527;
			minimizedProjectReferenceProxies = 1;
			packageReferences = (
				7DE395303017AB4C00EE2527 /* XCRemoteSwiftPackageReference "SDWebImageSwiftUI" */,
				7DEDC9193017FC51004CDB98 /* XCRemoteSwiftPackageReference "dotlottie-ios" */,
				7DEDC9AA3018027D004CDB98 /* XCRemoteSwiftPackageReference "SwiftfulRouting" */,
				7D1CF4433026FC280094EFD8 /* XCRemoteSwiftPackageReference "rive-ios" */,
				7D72F8E83028BFDD009A909E /* XCRemoteSwiftPackageReference "supabase-swift" */,
				7D776DF5302B3B08007EE0E8 /* XCRemoteSwiftPackageReference "purchases-ios" */,
			);
			preferredProjectObjectVersion = 77;
			productRefGroup = 7DE3951930179C0B00EE2527 /* Products */;
			projectDirPath = "";
			projectRoot = "";
			targets = (
				7DE3951730179C0B00EE2527 /* Places */,
				7D72F8F83028BFFD009A909E /* PlacesTests */,
			);
		};
/* End PBXProject section */

/* Begin PBXResourcesBuildPhase section */
		7D72F8F73028BFFD009A909E /* Resources */ = {
			isa = PBXResourcesBuildPhase;
			buildActionMask = 2147483647;
			files = (
			);
			runOnlyForDeploymentPostprocessing = 0;
		};
		7DE3951630179C0B00EE2527 /* Resources */ = {
			isa = PBXResourcesBuildPhase;
			buildActionMask = 2147483647;
			files = (
			);
			runOnlyForDeploymentPostprocessing = 0;
		};
/* End PBXResourcesBuildPhase section */

/* Begin PBXSourcesBuildPhase section */
		7D72F8F53028BFFD009A909E /* Sources */ = {
			isa = PBXSourcesBuildPhase;
			buildActionMask = 2147483647;
			files = (
			);
			runOnlyForDeploymentPostprocessing = 0;
		};
		7DE3951430179C0B00EE2527 /* Sources */ = {
			isa = PBXSourcesBuildPhase;
			buildActionMask = 2147483647;
			files = (
			);
			runOnlyForDeploymentPostprocessing = 0;
		};
/* End PBXSourcesBuildPhase section */

/* Begin PBXTargetDependency section */
		7D72F8FE3028BFFD009A909E /* PBXTargetDependency */ = {
			isa = PBXTargetDependency;
			target = 7DE3951730179C0B00EE2527 /* Places */;
			targetProxy = 7D72F8FD3028BFFD009A909E /* PBXContainerItemProxy */;
		};
/* End PBXTargetDependency section */

/* Begin XCBuildConfiguration section */
		7D72F9003028BFFD009A909E /* Debug */ = {
			isa = XCBuildConfiguration;
			buildSettings = {
				BUNDLE_LOADER = "$(TEST_HOST)";
				CODE_SIGN_STYLE = Automatic;
				CURRENT_PROJECT_VERSION = 5;
				DEVELOPMENT_TEAM = J73954XJ54;
				GENERATE_INFOPLIST_FILE = YES;
				MARKETING_VERSION = 1.0;
				PRODUCT_BUNDLE_IDENTIFIER = com.sylusabel.PlacesTests;
				PRODUCT_NAME = "$(TARGET_NAME)";
				STRING_CATALOG_GENERATE_SYMBOLS = NO;
				SWIFT_APPROACHABLE_CONCURRENCY = YES;
				SWIFT_EMIT_LOC_STRINGS = NO;
				SWIFT_UPCOMING_FEATURE_MEMBER_IMPORT_VISIBILITY = YES;
				SWIFT_VERSION = 5.0;
				TARGETED_DEVICE_FAMILY = 1;
				TEST_HOST = "$(BUILT_PRODUCTS_DIR)/Places.app/$(BUNDLE_EXECUTABLE_FOLDER_PATH)/Places";
			};
			name = Debug;
		};
		7D72F9013028BFFD009A909E /* Release */ = {
			isa = XCBuildConfiguration;
			buildSettings = {
				BUNDLE_LOADER = "$(TEST_HOST)";
				CODE_SIGN_STYLE = Automatic;
				CURRENT_PROJECT_VERSION = 5;
				DEVELOPMENT_TEAM = J73954XJ54;
				GENERATE_INFOPLIST_FILE = YES;
				MARKETING_VERSION = 1.0;
				PRODUCT_BUNDLE_IDENTIFIER = com.sylusabel.PlacesTests;
				PRODUCT_NAME = "$(TARGET_NAME)";
				STRING_CATALOG_GENERATE_SYMBOLS = NO;
				SWIFT_APPROACHABLE_CONCURRENCY = YES;
				SWIFT_EMIT_LOC_STRINGS = NO;
				SWIFT_UPCOMING_FEATURE_MEMBER_IMPORT_VISIBILITY = YES;
				SWIFT_VERSION = 5.0;
				TARGETED_DEVICE_FAMILY = 1;
				TEST_HOST = "$(BUILT_PRODUCTS_DIR)/Places.app/$(BUNDLE_EXECUTABLE_FOLDER_PATH)/Places";
			};
			name = Release;
		};
		7DE3952130179C0E00EE2527 /* Debug */ = {
			isa = XCBuildConfiguration;
			buildSettings = {
				ALWAYS_SEARCH_USER_PATHS = NO;
				ASSETCATALOG_COMPILER_GENERATE_SWIFT_ASSET_SYMBOL_EXTENSIONS = YES;
				CLANG_ANALYZER_NONNULL = YES;
				CLANG_ANALYZER_NUMBER_OBJECT_CONVERSION = YES_AGGRESSIVE;
				CLANG_CXX_LANGUAGE_STANDARD = "gnu++20";
				CLANG_ENABLE_MODULES = YES;
				CLANG_ENABLE_OBJC_ARC = YES;
				CLANG_ENABLE_OBJC_WEAK = YES;
				CLANG_WARN_BLOCK_CAPTURE_AUTORELEASING = YES;
				CLANG_WARN_BOOL_CONVERSION = YES;
				CLANG_WARN_COMMA = YES;
				CLANG_WARN_CONSTANT_CONVERSION = YES;
				CLANG_WARN_DEPRECATED_OBJC_IMPLEMENTATIONS = YES;
				CLANG_WARN_DIRECT_OBJC_ISA_USAGE = YES_ERROR;
				CLANG_WARN_DOCUMENTATION_COMMENTS = YES;
				CLANG_WARN_EMPTY_BODY = YES;
				CLANG_WARN_ENUM_CONVERSION = YES;
				CLANG_WARN_INFINITE_RECURSION = YES;
				CLANG_WARN_INT_CONVERSION = YES;
				CLANG_WARN_NON_LITERAL_NULL_CONVERSION = YES;
				CLANG_WARN_OBJC_IMPLICIT_RETAIN_SELF = YES;
				CLANG_WARN_OBJC_LITERAL_CONVERSION = YES;
				CLANG_WARN_OBJC_ROOT_CLASS = YES_ERROR;
				CLANG_WARN_QUOTED_INCLUDE_IN_FRAMEWORK_HEADER = YES;
				CLANG_WARN_RANGE_LOOP_ANALYSIS = YES;
				CLANG_WARN_STRICT_PROTOTYPES = YES;
				CLANG_WARN_SUSPICIOUS_MOVE = YES;
				CLANG_WARN_UNGUARDED_AVAILABILITY = YES_AGGRESSIVE;
				CLANG_WARN_UNREACHABLE_CODE = YES;
				CLANG_WARN__DUPLICATE_METHOD_MATCH = YES;
				COPY_PHASE_STRIP = NO;
				DEBUG_INFORMATION_FORMAT = dwarf;
				DEVELOPMENT_TEAM = J73954XJ54;
				ENABLE_STRICT_OBJC_MSGSEND = YES;
				ENABLE_TESTABILITY = YES;
				ENABLE_USER_SCRIPT_SANDBOXING = YES;
				GCC_C_LANGUAGE_STANDARD = gnu17;
				GCC_DYNAMIC_NO_PIC = NO;
				GCC_NO_COMMON_BLOCKS = YES;
				GCC_OPTIMIZATION_LEVEL = 0;
				GCC_PREPROCESSOR_DEFINITIONS = (
					"DEBUG=1",
					"$(inherited)",
				);
				GCC_WARN_64_TO_32_BIT_CONVERSION = YES;
				GCC_WARN_ABOUT_RETURN_TYPE = YES_ERROR;
				GCC_WARN_UNDECLARED_SELECTOR = YES;
				GCC_WARN_UNINITIALIZED_AUTOS = YES_AGGRESSIVE;
				GCC_WARN_UNUSED_FUNCTION = YES;
				GCC_WARN_UNUSED_VARIABLE = YES;
				IPHONEOS_DEPLOYMENT_TARGET = 26.0;
				LOCALIZATION_PREFERS_STRING_CATALOGS = YES;
				MTL_ENABLE_DEBUG_INFO = INCLUDE_SOURCE;
				MTL_FAST_MATH = YES;
				ONLY_ACTIVE_ARCH = YES;
				SDKROOT = iphoneos;
				STRING_CATALOG_GENERATE_SYMBOLS = YES;
				SWIFT_ACTIVE_COMPILATION_CONDITIONS = "DEBUG $(inherited)";
				SWIFT_OPTIMIZATION_LEVEL = "-Onone";
			};
			name = Debug;
		};
		7DE3952230179C0E00EE2527 /* Release */ = {
			isa = XCBuildConfiguration;
			buildSettings = {
				ALWAYS_SEARCH_USER_PATHS = NO;
				ASSETCATALOG_COMPILER_GENERATE_SWIFT_ASSET_SYMBOL_EXTENSIONS = YES;
				CLANG_ANALYZER_NONNULL = YES;
				CLANG_ANALYZER_NUMBER_OBJECT_CONVERSION = YES_AGGRESSIVE;
				CLANG_CXX_LANGUAGE_STANDARD = "gnu++20";
				CLANG_ENABLE_MODULES = YES;
				CLANG_ENABLE_OBJC_ARC = YES;
				CLANG_ENABLE_OBJC_WEAK = YES;
				CLANG_WARN_BLOCK_CAPTURE_AUTORELEASING = YES;
				CLANG_WARN_BOOL_CONVERSION = YES;
				CLANG_WARN_COMMA = YES;
				CLANG_WARN_CONSTANT_CONVERSION = YES;
				CLANG_WARN_DEPRECATED_OBJC_IMPLEMENTATIONS = YES;
				CLANG_WARN_DIRECT_OBJC_ISA_USAGE = YES_ERROR;
				CLANG_WARN_DOCUMENTATION_COMMENTS = YES;
				CLANG_WARN_EMPTY_BODY = YES;
				CLANG_WARN_ENUM_CONVERSION = YES;
				CLANG_WARN_INFINITE_RECURSION = YES;
				CLANG_WARN_INT_CONVERSION = YES;
				CLANG_WARN_NON_LITERAL_NULL_CONVERSION = YES;
				CLANG_WARN_OBJC_IMPLICIT_RETAIN_SELF = YES;
				CLANG_WARN_OBJC_LITERAL_CONVERSION = YES;
				CLANG_WARN_OBJC_ROOT_CLASS = YES_ERROR;
				CLANG_WARN_QUOTED_INCLUDE_IN_FRAMEWORK_HEADER = YES;
				CLANG_WARN_RANGE_LOOP_ANALYSIS = YES;
				CLANG_WARN_STRICT_PROTOTYPES = YES;
				CLANG_WARN_SUSPICIOUS_MOVE = YES;
				CLANG_WARN_UNGUARDED_AVAILABILITY = YES_AGGRESSIVE;
				CLANG_WARN_UNREACHABLE_CODE = YES;
				CLANG_WARN__DUPLICATE_METHOD_MATCH = YES;
				COPY_PHASE_STRIP = NO;
				DEBUG_INFORMATION_FORMAT = "dwarf-with-dsym";
				DEVELOPMENT_TEAM = J73954XJ54;
				ENABLE_NS_ASSERTIONS = NO;
				ENABLE_STRICT_OBJC_MSGSEND = YES;
				ENABLE_USER_SCRIPT_SANDBOXING = YES;
				GCC_C_LANGUAGE_STANDARD = gnu17;
				GCC_NO_COMMON_BLOCKS = YES;
				GCC_WARN_64_TO_32_BIT_CONVERSION = YES;
				GCC_WARN_ABOUT_RETURN_TYPE = YES_ERROR;
				GCC_WARN_UNDECLARED_SELECTOR = YES;
				GCC_WARN_UNINITIALIZED_AUTOS = YES_AGGRESSIVE;
				GCC_WARN_UNUSED_FUNCTION = YES;
				GCC_WARN_UNUSED_VARIABLE = YES;
				IPHONEOS_DEPLOYMENT_TARGET = 26.0;
				LOCALIZATION_PREFERS_STRING_CATALOGS = YES;
				MTL_ENABLE_DEBUG_INFO = NO;
				MTL_FAST_MATH = YES;
				SDKROOT = iphoneos;
				STRING_CATALOG_GENERATE_SYMBOLS = YES;
				SWIFT_COMPILATION_MODE = wholemodule;
				VALIDATE_PRODUCT = YES;
			};
			name = Release;
		};
		7DE3952430179C0E00EE2527 /* Debug */ = {
			isa = XCBuildConfiguration;
			buildSettings = {
				ASSETCATALOG_COMPILER_APPICON_NAME = AppIcon;
				ASSETCATALOG_COMPILER_GLOBAL_ACCENT_COLOR_NAME = AccentColor;
				CODE_SIGN_ENTITLEMENTS = Places/Places.entitlements;
				CODE_SIGN_STYLE = Automatic;
				CURRENT_PROJECT_VERSION = 5;
				DEVELOPMENT_TEAM = J73954XJ54;
				ENABLE_PREVIEWS = YES;
				GENERATE_INFOPLIST_FILE = YES;
				INFOPLIST_KEY_CFBundleDisplayName = Places;
				INFOPLIST_KEY_ITSAppUsesNonExemptEncryption = NO;
				INFOPLIST_KEY_LSApplicationCategoryType = "public.app-category.travel";
				INFOPLIST_KEY_UIApplicationSceneManifest_Generation = YES;
				INFOPLIST_KEY_UIApplicationSupportsIndirectInputEvents = YES;
				INFOPLIST_KEY_UILaunchScreen_Generation = YES;
				INFOPLIST_KEY_UISupportedInterfaceOrientations_iPad = "UIInterfaceOrientationPortrait UIInterfaceOrientationPortraitUpsideDown UIInterfaceOrientationLandscapeLeft UIInterfaceOrientationLandscapeRight";
				INFOPLIST_KEY_UISupportedInterfaceOrientations_iPhone = "UIInterfaceOrientationPortrait UIInterfaceOrientationLandscapeLeft UIInterfaceOrientationLandscapeRight";
				LD_RUNPATH_SEARCH_PATHS = (
					"$(inherited)",
					"@executable_path/Frameworks",
				);
				MARKETING_VERSION = 1.0;
				PRODUCT_BUNDLE_IDENTIFIER = com.sylusabel.Places;
				PRODUCT_NAME = "Places in East Africa";
				STRING_CATALOG_GENERATE_SYMBOLS = YES;
				SUPPORTED_PLATFORMS = "iphoneos iphonesimulator";
				SUPPORTS_MACCATALYST = NO;
				SUPPORTS_MAC_DESIGNED_FOR_IPHONE_IPAD = NO;
				SUPPORTS_XR_DESIGNED_FOR_IPHONE_IPAD = NO;
				SWIFT_APPROACHABLE_CONCURRENCY = YES;
				SWIFT_DEFAULT_ACTOR_ISOLATION = MainActor;
				SWIFT_EMIT_LOC_STRINGS = YES;
				SWIFT_UPCOMING_FEATURE_MEMBER_IMPORT_VISIBILITY = YES;
				SWIFT_VERSION = 5.0;
				TARGETED_DEVICE_FAMILY = 1;
			};
			name = Debug;
		};
		7DE3952530179C0E00EE2527 /* Release */ = {
			isa = XCBuildConfiguration;
			buildSettings = {
				ASSETCATALOG_COMPILER_APPICON_NAME = AppIcon;
				ASSETCATALOG_COMPILER_GLOBAL_ACCENT_COLOR_NAME = AccentColor;
				CODE_SIGN_ENTITLEMENTS = Places/Places.entitlements;
				CODE_SIGN_STYLE = Automatic;
				CURRENT_PROJECT_VERSION = 5;
				DEVELOPMENT_TEAM = J73954XJ54;
				ENABLE_PREVIEWS = YES;
				GENERATE_INFOPLIST_FILE = YES;
				INFOPLIST_KEY_CFBundleDisplayName = Places;
				INFOPLIST_KEY_ITSAppUsesNonExemptEncryption = NO;
				INFOPLIST_KEY_LSApplicationCategoryType = "public.app-category.travel";
				INFOPLIST_KEY_UIApplicationSceneManifest_Generation = YES;
				INFOPLIST_KEY_UIApplicationSupportsIndirectInputEvents = YES;
				INFOPLIST_KEY_UILaunchScreen_Generation = YES;
				INFOPLIST_KEY_UISupportedInterfaceOrientations_iPad = "UIInterfaceOrientationPortrait UIInterfaceOrientationPortraitUpsideDown UIInterfaceOrientationLandscapeLeft UIInterfaceOrientationLandscapeRight";
				INFOPLIST_KEY_UISupportedInterfaceOrientations_iPhone = "UIInterfaceOrientationPortrait UIInterfaceOrientationLandscapeLeft UIInterfaceOrientationLandscapeRight";
				LD_RUNPATH_SEARCH_PATHS = (
					"$(inherited)",
					"@executable_path/Frameworks",
				);
				MARKETING_VERSION = 1.0;
				PRODUCT_BUNDLE_IDENTIFIER = com.sylusabel.Places;
				PRODUCT_NAME = "Places in East Africa";
				STRING_CATALOG_GENERATE_SYMBOLS = YES;
				SUPPORTED_PLATFORMS = "iphoneos iphonesimulator";
				SUPPORTS_MACCATALYST = NO;
				SUPPORTS_MAC_DESIGNED_FOR_IPHONE_IPAD = NO;
				SUPPORTS_XR_DESIGNED_FOR_IPHONE_IPAD = NO;
				SWIFT_APPROACHABLE_CONCURRENCY = YES;
				SWIFT_DEFAULT_ACTOR_ISOLATION = MainActor;
				SWIFT_EMIT_LOC_STRINGS = YES;
				SWIFT_UPCOMING_FEATURE_MEMBER_IMPORT_VISIBILITY = YES;
				SWIFT_VERSION = 5.0;
				TARGETED_DEVICE_FAMILY = 1;
			};
			name = Release;
		};
/* End XCBuildConfiguration section */

/* Begin XCConfigurationList section */
		7D72F8FF3028BFFD009A909E /* Build configuration list for PBXNativeTarget "PlacesTests" */ = {
			isa = XCConfigurationList;
			buildConfigurations = (
				7D72F9003028BFFD009A909E /* Debug */,
				7D72F9013028BFFD009A909E /* Release */,
			);
			defaultConfigurationIsVisible = 0;
			defaultConfigurationName = Release;
		};
		7DE3951330179C0B00EE2527 /* Build configuration list for PBXProject "Places" */ = {
			isa = XCConfigurationList;
			buildConfigurations = (
				7DE3952130179C0E00EE2527 /* Debug */,
				7DE3952230179C0E00EE2527 /* Release */,
			);
			defaultConfigurationIsVisible = 0;
			defaultConfigurationName = Release;
		};
		7DE3952330179C0E00EE2527 /* Build configuration list for PBXNativeTarget "Places" */ = {
			isa = XCConfigurationList;
			buildConfigurations = (
				7DE3952430179C0E00EE2527 /* Debug */,
				7DE3952530179C0E00EE2527 /* Release */,
			);
			defaultConfigurationIsVisible = 0;
			defaultConfigurationName = Release;
		};
/* End XCConfigurationList section */

/* Begin XCRemoteSwiftPackageReference section */
		7D1CF4433026FC280094EFD8 /* XCRemoteSwiftPackageReference "rive-ios" */ = {
			isa = XCRemoteSwiftPackageReference;
			repositoryURL = "https://github.com/rive-app/rive-ios";
			requirement = {
				kind = upToNextMajorVersion;
				minimumVersion = 6.22.1;
			};
		};
		7D72F8E83028BFDD009A909E /* XCRemoteSwiftPackageReference "supabase-swift" */ = {
			isa = XCRemoteSwiftPackageReference;
			repositoryURL = "https://github.com/supabase/supabase-swift";
			requirement = {
				kind = upToNextMajorVersion;
				minimumVersion = 2.5.1;
			};
			traits = (
			);
		};
		7D776DF5302B3B08007EE0E8 /* XCRemoteSwiftPackageReference "purchases-ios" */ = {
			isa = XCRemoteSwiftPackageReference;
			repositoryURL = "https://github.com/RevenueCat/purchases-ios";
			requirement = {
				kind = upToNextMajorVersion;
				minimumVersion = 5.83.1;
			};
		};
		7DE395303017AB4C00EE2527 /* XCRemoteSwiftPackageReference "SDWebImageSwiftUI" */ = {
			isa = XCRemoteSwiftPackageReference;
			repositoryURL = "https://github.com/SDWebImage/SDWebImageSwiftUI.git";
			requirement = {
				kind = upToNextMajorVersion;
				minimumVersion = 3.1.4;
			};
		};
		7DEDC9193017FC51004CDB98 /* XCRemoteSwiftPackageReference "dotlottie-ios" */ = {
			isa = XCRemoteSwiftPackageReference;
			repositoryURL = "https://github.com/LottieFiles/dotlottie-ios.git";
			requirement = {
				branch = main;
				kind = branch;
			};
		};
		7DEDC9AA3018027D004CDB98 /* XCRemoteSwiftPackageReference "SwiftfulRouting" */ = {
			isa = XCRemoteSwiftPackageReference;
			repositoryURL = "https://github.com/SwiftfulThinking/SwiftfulRouting.git";
			requirement = {
				kind = upToNextMajorVersion;
				minimumVersion = 6.2.1;
			};
		};
/* End XCRemoteSwiftPackageReference section */

/* Begin XCSwiftPackageProductDependency section */
		7D1CF4443026FC280094EFD8 /* RiveRuntime */ = {
			isa = XCSwiftPackageProductDependency;
			package = 7D1CF4433026FC280094EFD8 /* XCRemoteSwiftPackageReference "rive-ios" */;
			productName = RiveRuntime;
		};
		7D72F8E93028BFDD009A909E /* Auth */ = {
			isa = XCSwiftPackageProductDependency;
			package = 7D72F8E83028BFDD009A909E /* XCRemoteSwiftPackageReference "supabase-swift" */;
			productName = Auth;
		};
		7D72F8EB3028BFDD009A909E /* Functions */ = {
			isa = XCSwiftPackageProductDependency;
			package = 7D72F8E83028BFDD009A909E /* XCRemoteSwiftPackageReference "supabase-swift" */;
			productName = Functions;
		};
		7D72F8ED3028BFDD009A909E /* PostgREST */ = {
			isa = XCSwiftPackageProductDependency;
			package = 7D72F8E83028BFDD009A909E /* XCRemoteSwiftPackageReference "supabase-swift" */;
			productName = PostgREST;
		};
		7D72F8EF3028BFDD009A909E /* Realtime */ = {
			isa = XCSwiftPackageProductDependency;
			package = 7D72F8E83028BFDD009A909E /* XCRemoteSwiftPackageReference "supabase-swift" */;
			productName = Realtime;
		};
		7D72F8F13028BFDD009A909E /* Storage */ = {
			isa = XCSwiftPackageProductDependency;
			package = 7D72F8E83028BFDD009A909E /* XCRemoteSwiftPackageReference "supabase-swift" */;
			productName = Storage;
		};
		7D72F8F33028BFDD009A909E /* Supabase */ = {
			isa = XCSwiftPackageProductDependency;
			package = 7D72F8E83028BFDD009A909E /* XCRemoteSwiftPackageReference "supabase-swift" */;
			productName = Supabase;
		};
		7D776DF6302B3B08007EE0E8 /* ReceiptParser */ = {
			isa = XCSwiftPackageProductDependency;
			package = 7D776DF5302B3B08007EE0E8 /* XCRemoteSwiftPackageReference "purchases-ios" */;
			productName = ReceiptParser;
		};
		7D776DF8302B3B08007EE0E8 /* RevenueCat */ = {
			isa = XCSwiftPackageProductDependency;
			package = 7D776DF5302B3B08007EE0E8 /* XCRemoteSwiftPackageReference "purchases-ios" */;
			productName = RevenueCat;
		};
		7DE395313017AB4D00EE2527 /* SDWebImageSwiftUI */ = {
			isa = XCSwiftPackageProductDependency;
			package = 7DE395303017AB4C00EE2527 /* XCRemoteSwiftPackageReference "SDWebImageSwiftUI" */;
			productName = SDWebImageSwiftUI;
		};
		7DEDC91A3017FC51004CDB98 /* DotLottie */ = {
			isa = XCSwiftPackageProductDependency;
			package = 7DEDC9193017FC51004CDB98 /* XCRemoteSwiftPackageReference "dotlottie-ios" */;
			productName = DotLottie;
		};
		7DEDC91C3017FC51004CDB98 /* DotLottiePlayer */ = {
			isa = XCSwiftPackageProductDependency;
			package = 7DEDC9193017FC51004CDB98 /* XCRemoteSwiftPackageReference "dotlottie-ios" */;
			productName = DotLottiePlayer;
		};
		7DEDC9AB3018027D004CDB98 /* SwiftfulRouting */ = {
			isa = XCSwiftPackageProductDependency;
			package = 7DEDC9AA3018027D004CDB98 /* XCRemoteSwiftPackageReference "SwiftfulRouting" */;
			productName = SwiftfulRouting;
		};
/* End XCSwiftPackageProductDependency section */
	};
	rootObject = 7DE3951030179C0B00EE2527 /* Project object */;
}
